// !$*UTF8*$!
{
	archiveVersion = 1;
	classes = {
	};
	objectVersion = 55;
	objects = {

/* Begin PBXBuildFile section */
		2FE6B09D28243258003ACB6C /* StarPediaApp.swift in Sources */ = {isa = PBXBuildFile; fileRef = 2FE6B09C28243258003ACB6C /* StarPediaApp.swift */; };
		2FE6B0A128243259003ACB6C /* Assets.xcassets in Resources */ = {isa = PBXBuildFile; fileRef = 2FE6B0A028243259003ACB6C /* Assets.xcassets */; };
		2FE6B0F92824367E003ACB6C /* ModelData.swift in Sources */ = {isa = PBXBuildFile; fileRef = 2FE6B0F72824367E003ACB6C /* ModelData.swift */; };
		2FE6B0FA2824367E003ACB6C /* Star.swift in Sources */ = {isa = PBXBuildFile; fileRef = 2FE6B0F82824367E003ACB6C /* Star.swift */; };
		2FE6B0FC28243684003ACB6C /* starData.json in Resources */ = {isa = PBXBuildFile; fileRef = 2FE6B0FB28243684003ACB6C /* starData.json */; };
		2FE6B1022824369C003ACB6C /* StarGridView.swift in Sources */ = {isa = PBXBuildFile; fileRef = 2FE6B0FD2824369C003ACB6C /* StarGridView.swift */; };
		2FE6B1032824369C003ACB6C /* MainView.swift in Sources */ = {isa = PBXBuildFile; fileRef = 2FE6B0FE2824369C003ACB6C /* MainView.swift */; };
		2FE6B1042824369C003ACB6C /* DetailView.swift in Sources */ = {isa = PBXBuildFile; fileRef = 2FE6B0FF2824369C003ACB6C /* DetailView.swift */; };
		2FE6B1052824369C003ACB6C /* MoonGridView.swift in Sources */ = {isa = PBXBuildFile; fileRef = 2FE6B1002824369C003ACB6C /* MoonGridView.swift */; };
		2FE6B1062824369C003ACB6C /* ContentView.swift in Sources */ = {isa = PBXBuildFile; fileRef = 2FE6B1012824369C003ACB6C /* ContentView.swift */; };
/* End PBXBuildFile section */

/* Begin PBXContainerItemProxy section */
		2FE6B0AA28243259003ACB6C /* PBXContainerItemProxy */ = {
			isa = PBXContainerItemProxy;
			containerPortal = 2FE6B09128243258003ACB6C /* Project object */;
			proxyType = 1;
			remoteGlobalIDString = 2FE6B09828243258003ACB6C;
			remoteInfo = StarPedia;
		};
		2FE6B0B428243259003ACB6C /* PBXContainerItemProxy */ = {
			isa = PBXContainerItemProxy;
			containerPortal = 2FE6B09128243258003ACB6C /* Project object */;
			proxyType = 1;
			remoteGlobalIDString = 2FE6B09828243258003ACB6C;
			remoteInfo = StarPedia;
		};
/* End PBXContainerItemProxy section */

/* Begin PBXFileReference section */
		2FE6B09928243258003ACB6C /* StarPedia.app */ = {isa = PBXFileReference; explicitFileType = wrapper.application; includeInIndex = 0; path = StarPedia.app; sourceTree = BUILT_PRODUCTS_DIR; };
		2FE6B09C28243258003ACB6C /* StarPediaApp.swift */ = {isa = PBXFileReference; lastKnownFileType = sourcecode.swift; path = StarPediaApp.swift; sourceTree = "<group>"; };
		2FE6B0A028243259003ACB6C /* Assets.xcassets */ = {isa = PBXFileReference; lastKnownFileType = folder.assetcatalog; path = Assets.xcassets; sourceTree = "<group>"; };
		2FE6B0A928243259003ACB6C /* StarPediaTests.xctest */ = {isa = PBXFileReference; explicitFileType = wrapper.cfbundle; includeInIndex = 0; path = StarPediaTests.xctest; sourceTree = BUILT_PRODUCTS_DIR; };
		2FE6B0B328243259003ACB6C /* StarPediaUITests.xctest */ = {isa = PBXFileReference; explicitFileType = wrapper.cfbundle; includeInIndex = 0; path = StarPediaUITests.xctest; sourceTree = BUILT_PRODUCTS_DIR; };
		2FE6B0F72824367E003ACB6C /* ModelData.swift */ = {isa = PBXFileReference; fileEncoding = 4; lastKnownFileType = sourcecode.swift; name = ModelData.swift; path = StarPedia/Model/ModelData.swift; sourceTree = "<group>"; };
		2FE6B0F82824367E003ACB6C /* Star.swift */ = {isa = PBXFileReference; fileEncoding = 4; lastKnownFileType = sourcecode.swift; name = Star.swift; path = StarPedia/Model/Star.swift; sourceTree = "<group>"; };
		2FE6B0FB28243684003ACB6C /* starData.json */ = {isa = PBXFileReference; fileEncoding = 4; lastKnownFileType = text.json; name = starData.json; path = StarPedia/Resources/starData.json; sourceTree = "<group>"; };
		2FE6B0FD2824369C003ACB6C /* StarGridView.swift */ = {isa = PBXFileReference; fileEncoding = 4; lastKnownFileType = sourcecode.swift; name = StarGridView.swift; path = StarPedia/Views/StarGridView.swift; sourceTree = "<group>"; };
		2FE6B0FE2824369C003ACB6C /* MainView.swift */ = {isa = PBXFileReference; fileEncoding = 4; lastKnownFileType = sourcecode.swift; name = MainView.swift; path = StarPedia/Views/MainView.swift; sourceTree = "<group>"; };
		2FE6B0FF2824369C003ACB6C /* DetailView.swift */ = {isa = PBXFileReference; fileEncoding = 4; lastKnownFileType = sourcecode.swift; name = DetailView.swift; path = StarPedia/Views/DetailView.swift; sourceTree = "<group>"; };
		2FE6B1002824369C003ACB6C /* MoonGridView.swift */ = {isa = PBXFileReference; fileEncoding = 4; lastKnownFileType = sourcecode.swift; name = MoonGridView.swift; path = StarPedia/Views/MoonGridView.swift; sourceTree = "<group>"; };
		2FE6B1012824369C003ACB6C /* ContentView.swift */ = {isa = PBXFileReference; fileEncoding = 4; lastKnownFileType = sourcecode.swift; name = ContentView.swift; path = StarPedia/Views/ContentView.swift; sourceTree = "<group>"; };
/* End PBXFileReference section */

/* Begin PBXFrameworksBuildPhase section */
		2FE6B09628243258003ACB6C /* Frameworks */ = {
			isa = PBXFrameworksBuildPhase;
			buildActionMask = 2147483647;
			files = (
			);
			runOnlyForDeploymentPostprocessing = 0;
		};
		2FE6B0A628243259003ACB6C /* Frameworks */ = {
			isa = PBXFrameworksBuildPhase;
			buildActionMask = 2147483647;
			files = (
			);
			runOnlyForDeploymentPostprocessing = 0;
		};
		2FE6B0B028243259003ACB6C /* Frameworks */ = {
			isa = PBXFrameworksBuildPhase;
			buildActionMask = 2147483647;
			files = (
			);
			runOnlyForDeploymentPostprocessing = 0;
		};
/* End PBXFrameworksBuildPhase section */

/* Begin PBXGroup section */
		2FE6B09028243258003ACB6C = {
			isa = PBXGroup;
			children = (
				2FE6B09C28243258003ACB6C /* StarPediaApp.swift */,
				2FE6B0A028243259003ACB6C /* Assets.xcassets */,
				2FE6B108282436FC003ACB6C /* Model */,
				2FE6B10928243704003ACB6C /* Resources */,
				2FE6B107282436E2003ACB6C /* Views */,
				2FE6B09A28243258003ACB6C /* Products */,
			);
			sourceTree = "<group>";
		};
		2FE6B09A28243258003ACB6C /* Products */ = {
			isa = PBXGroup;
			children = (
				2FE6B09928243258003ACB6C /* StarPedia.app */,
				2FE6B0A928243259003ACB6C /* StarPediaTests.xctest */,
				2FE6B0B328243259003ACB6C /* StarPediaUITests.xctest */,
			);
			name = Products;
			sourceTree = "<group>";
		};
		2FE6B107282436E2003ACB6C /* Views */ = {
			isa = PBXGroup;
			children = (
				2FE6B1012824369C003ACB6C /* ContentView.swift */,
				2FE6B0FF2824369C003ACB6C /* DetailView.swift */,
				2FE6B0FE2824369C003ACB6C /* MainView.swift */,
				2FE6B1002824369C003ACB6C /* MoonGridView.swift */,
				2FE6B0FD2824369C003ACB6C /* StarGridView.swift */,
			);
			name = Views;
			sourceTree = "<group>";
		};
		2FE6B108282436FC003ACB6C /* Model */ = {
			isa = PBXGroup;
			children = (
				2FE6B0F72824367E003ACB6C /* ModelData.swift */,
				2FE6B0F82824367E003ACB6C /* Star.swift */,
			);
			name = Model;
			sourceTree = "<group>";
		};
		2FE6B10928243704003ACB6C /* Resources */ = {
			isa = PBXGroup;
			children = (
				2FE6B0FB28243684003ACB6C /* starData.json */,
			);
			name = Resources;
			sourceTree = "<group>";
		};
/* End PBXGroup section */

/* Begin PBXNativeTarget section */
		2FE6B09828243258003ACB6C /* StarPedia */ = {
			isa = PBXNativeTarget;
			buildConfigurationList = 2FE6B0BD28243259003ACB6C /* Build configuration list for PBXNativeTarget "StarPedia" */;
			buildPhases = (
				2FE6B09528243258003ACB6C /* Sources */,
				2FE6B09628243258003ACB6C /* Frameworks */,
				2FE6B09728243258003ACB6C /* Resources */,
			);
			buildRules = (
			);
			dependencies = (
			);
			name = StarPedia;
			productName = StarPedia;
			productReference = 2FE6B09928243258003ACB6C /* StarPedia.app */;
			productType = "com.apple.product-type.application";
		};
		2FE6B0A828243259003ACB6C /* StarPediaTests */ = {
			isa = PBXNativeTarget;
			buildConfigurationList = 2FE6B0C028243259003ACB6C /* Build configuration list for PBXNativeTarget "StarPediaTests" */;
			buildPhases = (
				2FE6B0A528243259003ACB6C /* Sources */,
				2FE6B0A628243259003ACB6C /* Frameworks */,
				2FE6B0A728243259003ACB6C /* Resources */,
			);
			buildRules = (
			);
			dependencies = (
				2FE6B0AB28243259003ACB6C /* PBXTargetDependency */,
			);
			name = StarPediaTests;
			productName = StarPediaTests;
			productReference = 2FE6B0A928243259003ACB6C /* StarPediaTests.xctest */;
			productType = "com.apple.product-type.bundle.unit-test";
		};
		2FE6B0B228243259003ACB6C /* StarPediaUITests */ = {
			isa = PBXNativeTarget;
			buildConfigurationList = 2FE6B0C328243259003ACB6C /* Build configuration list for PBXNativeTarget "StarPediaUITests" */;
			buildPhases = (
				2FE6B0AF28243259003ACB6C /* Sources */,
				2FE6B0B028243259003ACB6C /* Frameworks */,
				2FE6B0B128243259003ACB6C /* Resources */,
			);
			buildRules = (
			);
			dependencies = (
				2FE6B0B528243259003ACB6C /* PBXTargetDependency */,
			);
			name = StarPediaUITests;
			productName = StarPediaUITests;
			productReference = 2FE6B0B328243259003ACB6C /* StarPediaUITests.xctest */;
			productType = "com.apple.product-type.bundle.ui-testing";
		};
/* End PBXNativeTarget section */

/* Begin PBXProject section */
		2FE6B09128243258003ACB6C /* Project object */ = {
			isa = PBXProject;
			attributes = {
				BuildIndependentTargetsInParallel = 1;
				LastSwiftUpdateCheck = 1330;
				LastUpgradeCheck = 1330;
				TargetAttributes = {
					2FE6B09828243258003ACB6C = {
						CreatedOnToolsVersion = 13.3.1;
					};
					2FE6B0A828243259003ACB6C = {
						CreatedOnToolsVersion = 13.3.1;
						TestTargetID = 2FE6B09828243258003ACB6C;
					};
					2FE6B0B228243259003ACB6C = {
						CreatedOnToolsVersion = 13.3.1;
						TestTargetID = 2FE6B09828243258003ACB6C;
					};
				};
			};
			buildConfigurationList = 2FE6B09428243258003ACB6C /* Build configuration list for PBXProject "StarPedia" */;
			compatibilityVersion = "Xcode 13.0";
			developmentRegion = en;
			hasScannedForEncodings = 0;
			knownRegions = (
				en,
				Base,
			);
			mainGroup = 2FE6B09028243258003ACB6C;
			productRefGroup = 2FE6B09A28243258003ACB6C /* Products */;
			projectDirPath = "";
			projectRoot = "";
			targets = (
				2FE6B09828243258003ACB6C /* StarPedia */,
				2FE6B0A828243259003ACB6C /* StarPediaTests */,
				2FE6B0B228243259003ACB6C /* StarPediaUITests */,
			);
		};
/* End PBXProject section */

/* Begin PBXResourcesBuildPhase section */
		2FE6B09728243258003ACB6C /* Resources */ = {
			isa = PBXResourcesBuildPhase;
			buildActionMask = 2147483647;
			files = (
				2FE6B0A128243259003ACB6C /* Assets.xcassets in Resources */,
				2FE6B0FC28243684003ACB6C /* starData.json in Resources */,
			);
			runOnlyForDeploymentPostprocessing = 0;
		};
		2FE6B0A728243259003ACB6C /* Resources */ = {
			isa = PBXResourcesBuildPhase;
			buildActionMask = 2147483647;
			files = (
			);
			runOnlyForDeploymentPostprocessing = 0;
		};
		2FE6B0B128243259003ACB6C /* Resources */ = {
			isa = PBXResourcesBuildPhase;
			buildActionMask = 2147483647;
			files = (
			);
			runOnlyForDeploymentPostprocessing = 0;
		};
/* End PBXResourcesBuildPhase section */

/* Begin PBXSourcesBuildPhase section */
		2FE6B09528243258003ACB6C /* Sources */ = {
			isa = PBXSourcesBuildPhase;
			buildActionMask = 2147483647;
			files = (
				2FE6B1022824369C003ACB6C /* StarGridView.swift in Sources */,
				2FE6B1042824369C003ACB6C /* DetailView.swift in Sources */,
				2FE6B1062824369C003ACB6C /* ContentView.swift in Sources */,
				2FE6B0FA2824367E003ACB6C /* Star.swift in Sources */,
				2FE6B09D28243258003ACB6C /* StarPediaApp.swift in Sources */,
				2FE6B1032824369C003ACB6C /* MainView.swift in Sources */,
				2FE6B1052824369C003ACB6C /* MoonGridView.swift in Sources */,
				2FE6B0F92824367E003ACB6C /* ModelData.swift in Sources */,
			);
			runOnlyForDeploymentPostprocessing = 0;
		};
		2FE6B0A528243259003ACB6C /* Sources */ = {
			isa = PBXSourcesBuildPhase;
			buildActionMask = 2147483647;
			files = (
			);
			runOnlyForDeploymentPostprocessing = 0;
		};
		2FE6B0AF28243259003ACB6C /* Sources */ = {
			isa = PBXSourcesBuildPhase;
			buildActionMask = 2147483647;
			files = (
			);
			runOnlyForDeploymentPostprocessing = 0;
		};
/* End PBXSourcesBuildPhase section */

/* Begin PBXTargetDependency section */
		2FE6B0AB28243259003ACB6C /* PBXTargetDependency */ = {
			isa = PBXTargetDependency;
			target = 2FE6B09828243258003ACB6C /* StarPedia */;
			targetProxy = 2FE6B0AA28243259003ACB6C /* PBXContainerItemProxy */;
		};
		2FE6B0B528243259003ACB6C /* PBXTargetDependency */ = {
			isa = PBXTargetDependency;
			target = 2FE6B09828243258003ACB6C /* StarPedia */;
			targetProxy = 2FE6B0B428243259003ACB6C /* PBXContainerItemProxy */;
		};
/* End PBXTargetDependency section */

/* Begin XCBuildConfiguration section */
		2FE6B0BB28243259003ACB6C /* Debug */ = {
			isa = XCBuildConfiguration;
			buildSettings = {
				ALWAYS_SEARCH_USER_PATHS = NO;
				CLANG_ANALYZER_NONNULL = YES;
				CLANG_ANALYZER_NUMBER_OBJECT_CONVERSION = YES_AGGRESSIVE;
				CLANG_CXX_LANGUAGE_STANDARD = "gnu++17";
				CLANG_ENABLE_MODULES = YES;
				CLANG_ENABLE_OBJC_ARC = YES;
				CLANG_ENABLE_OBJC_WEAK = YES;
				CLANG_WARN_BLOCK_CAPTURE_AUTORELEASING = YES;
				CLANG_WARN_BOOL_CONVERSION = YES;
				CLANG_WARN_COMMA = YES;
				CLANG_WARN_CONSTANT_CONVERSION = YES;
				CLANG_WARN_DEPRECATED_OBJC_IMPLEMENTATIONS = YES;
				CLANG_WARN_DIRECT_OBJC_ISA_USAGE = YES_ERROR;
				CLANG_WARN_DOCUMENTATION_COMMENTS = YES;
				CLANG_WARN_EMPTY_BODY = YES;
				CLANG_WARN_ENUM_CONVERSION = YES;
				CLANG_WARN_INFINITE_RECURSION = YES;
				CLANG_WARN_INT_CONVERSION = YES;
				CLANG_WARN_NON_LITERAL_NULL_CONVERSION = YES;
				CLANG_WARN_OBJC_IMPLICIT_RETAIN_SELF = YES;
				CLANG_WARN_OBJC_LITERAL_CONVERSION = YES;
				CLANG_WARN_OBJC_ROOT_CLASS = YES_ERROR;
				CLANG_WARN_QUOTED_INCLUDE_IN_FRAMEWORK_HEADER = YES;
				CLANG_WARN_RANGE_LOOP_ANALYSIS = YES;
				CLANG_WARN_STRICT_PROTOTYPES = YES;
				CLANG_WARN_SUSPICIOUS_MOVE = YES;
				CLANG_WARN_UNGUARDED_AVAILABILITY = YES_AGGRESSIVE;
				CLANG_WARN_UNREACHABLE_CODE = YES;
				CLANG_WARN__DUPLICATE_METHOD_MATCH = YES;
				COPY_PHASE_STRIP = NO;
				DEBUG_INFORMATION_FORMAT = dwarf;
				ENABLE_STRICT_OBJC_MSGSEND = YES;
				ENABLE_TESTABILITY = YES;
				GCC_C_LANGUAGE_STANDARD = gnu11;
				GCC_DYNAMIC_NO_PIC = NO;
				GCC_NO_COMMON_BLOCKS = YES;
				GCC_OPTIMIZATION_LEVEL = 0;
				GCC_PREPROCESSOR_DEFINITIONS = (
					"DEBUG=1",
					"$(inherited)",
				);
				GCC_WARN_64_TO_32_BIT_CONVERSION = YES;
				GCC_WARN_ABOUT_RETURN_TYPE = YES_ERROR;
				GCC_WARN_UNDECLARED_SELECTOR = YES;
				GCC_WARN_UNINITIALIZED_AUTOS = YES_AGGRESSIVE;
				GCC_WARN_UNUSED_FUNCTION = YES;
				GCC_WARN_UNUSED_VARIABLE = YES;
				IPHONEOS_DEPLOYMENT_TARGET = 15.4;
				MTL_ENABLE_DEBUG_INFO = INCLUDE_SOURCE;
				MTL_FAST_MATH = YES;
				ONLY_ACTIVE_ARCH = YES;
				SDKROOT = iphoneos;
				SWIFT_ACTIVE_COMPILATION_CONDITIONS = DEBUG;
				SWIFT_OPTIMIZATION_LEVEL = "-Onone";
			};
			name = Debug;
		};
		2FE6B0BC28243259003ACB6C /* Release */ = {
			isa = XCBuildConfiguration;
			buildSettings = {
				ALWAYS_SEARCH_USER_PATHS = NO;
				CLANG_ANALYZER_NONNULL = YES;
				CLANG_ANALYZER_NUMBER_OBJECT_CONVERSION = YES_AGGRESSIVE;
				CLANG_CXX_LANGUAGE_STANDARD = "gnu++17";
				CLANG_ENABLE_MODULES = YES;
				CLANG_ENABLE_OBJC_ARC = YES;
				CLANG_ENABLE_OBJC_WEAK = YES;
				CLANG_WARN_BLOCK_CAPTURE_AUTORELEASING = YES;
				CLANG_WARN_BOOL_CONVERSION = YES;
				CLANG_WARN_COMMA = YES;
				CLANG_WARN_CONSTANT_CONVERSION = YES;
				CLANG_WARN_DEPRECATED_OBJC_IMPLEMENTATIONS = YES;
				CLANG_WARN_DIRECT_OBJC_ISA_USAGE = YES_ERROR;
				CLANG_WARN_DOCUMENTATION_COMMENTS = YES;
				CLANG_WARN_EMPTY_BODY = YES;
				CLANG_WARN_ENUM_CONVERSION = YES;
				CLANG_WARN_INFINITE_RECURSION = YES;
				CLANG_WARN_INT_CONVERSION = YES;
				CLANG_WARN_NON_LITERAL_NULL_CONVERSION = YES;
				CLANG_WARN_OBJC_IMPLICIT_RETAIN_SELF = YES;
				CLANG_WARN_OBJC_LITERAL_CONVERSION = YES;
				CLANG_WARN_OBJC_ROOT_CLASS = YES_ERROR;
				CLANG_WARN_QUOTED_INCLUDE_IN_FRAMEWORK_HEADER = YES;
				CLANG_WARN_RANGE_LOOP_ANALYSIS = YES;
				CLANG_WARN_STRICT_PROTOTYPES = YES;
				CLANG_WARN_SUSPICIOUS_MOVE = YES;
				CLANG_WARN_UNGUARDED_AVAILABILITY = YES_AGGRESSIVE;
				CLANG_WARN_UNREACHABLE_CODE = YES;
				CLANG_WARN__DUPLICATE_METHOD_MATCH = YES;
				COPY_PHASE_STRIP = NO;
				DEBUG_INFORMATION_FORMAT = "dwarf-with-dsym";
				ENABLE_NS_ASSERTIONS = NO;
				ENABLE_STRICT_OBJC_MSGSEND = YES;
				GCC_C_LANGUAGE_STANDARD = gnu11;
				GCC_NO_COMMON_BLOCKS = YES;
				GCC_WARN_64_TO_32_BIT_CONVERSION = YES;
				GCC_WARN_ABOUT_RETURN_TYPE = YES_ERROR;
				GCC_WARN_UNDECLARED_SELECTOR = YES;
				GCC_WARN_UNINITIALIZED_AUTOS = YES_AGGRESSIVE;
				GCC_WARN_UNUSED_FUNCTION = YES;
				GCC_WARN_UNUSED_VARIABLE = YES;
				IPHONEOS_DEPLOYMENT_TARGET = 15.4;
				MTL_ENABLE_DEBUG_INFO = NO;
				MTL_FAST_MATH = YES;
				SDKROOT = iphoneos;
				SWIFT_COMPILATION_MODE = wholemodule;
				SWIFT_OPTIMIZATION_LEVEL = "-O";
				VALIDATE_PRODUCT = YES;
			};
			name = Release;
		};
		2FE6B0BE28243259003ACB6C /* Debug */ = {
			isa = XCBuildConfiguration;
			buildSettings = {
				ASSETCATALOG_COMPILER_APPICON_NAME = AppIcon;
				ASSETCATALOG_COMPILER_GLOBAL_ACCENT_COLOR_NAME = AccentColor;
				CODE_SIGN_STYLE = Automatic;
				CURRENT_PROJECT_VERSION = 1;
				DEVELOPMENT_ASSET_PATHS = "";
				DEVELOPMENT_TEAM = 7U333QCZ4W;
				ENABLE_PREVIEWS = YES;
				GENERATE_INFOPLIST_FILE = YES;
				INFOPLIST_KEY_UIApplicationSceneManifest_Generation = YES;
				INFOPLIST_KEY_UIApplicationSupportsIndirectInputEvents = YES;
				INFOPLIST_KEY_UILaunchScreen_Generation = YES;
				INFOPLIST_KEY_UISupportedInterfaceOrientations_iPad = "UIInterfaceOrientationPortrait UIInterfaceOrientationPortraitUpsideDown UIInterfaceOrientationLandscapeLeft UIInterfaceOrientationLandscapeRight";
				INFOPLIST_KEY_UISupportedInterfaceOrientations_iPhone = "UIInterfaceOrientationPortrait UIInterfaceOrientationLandscapeLeft UIInterfaceOrientationLandscapeRight";
				LD_RUNPATH_SEARCH_PATHS = (
					"$(inherited)",
					"@executable_path/Frameworks",
				);
				MARKETING_VERSION = 1.0;
				PRODUCT_BUNDLE_IDENTIFIER = kr.jinsan.StarPedia;
				PRODUCT_NAME = "$(TARGET_NAME)";
				SWIFT_EMIT_LOC_STRINGS = YES;
				SWIFT_VERSION = 5.0;
				TARGETED_DEVICE_FAMILY = "1,2";
			};
			name = Debug;
		};
		2FE6B0BF28243259003ACB6C /* Release */ = {
			isa = XCBuildConfiguration;
			buildSettings = {
				ASSETCATALOG_COMPILER_APPICON_NAME = AppIcon;
				ASSETCATALOG_COMPILER_GLOBAL_ACCENT_COLOR_NAME = AccentColor;
				CODE_SIGN_STYLE = Automatic;
				CURRENT_PROJECT_VERSION = 1;
				DEVELOPMENT_ASSET_PATHS = "";
				DEVELOPMENT_TEAM = 7U333QCZ4W;
				ENABLE_PREVIEWS = YES;
				GENERATE_INFOPLIST_FILE = YES;
				INFOPLIST_KEY_UIApplicationSceneManifest_Generation = YES;
				INFOPLIST_KEY_UIApplicationSupportsIndirectInputEvents = YES;
				INFOPLIST_KEY_UILaunchScreen_Generation = YES;
				INFOPLIST_KEY_UISupportedInterfaceOrientations_iPad = "UIInterfaceOrientationPortrait UIInterfaceOrientationPortraitUpsideDown UIInterfaceOrientationLandscapeLeft UIInterfaceOrientationLandscapeRight";
				INFOPLIST_KEY_UISupportedInterfaceOrientations_iPhone = "UIInterfaceOrientationPortrait UIInterfaceOrientationLandscapeLeft UIInterfaceOrientationLandscapeRight";
				LD_RUNPATH_SEARCH_PATHS = (
					"$(inherited)",
					"@executable_path/Frameworks",
				);
				MARKETING_VERSION = 1.0;
				PRODUCT_BUNDLE_IDENTIFIER = kr.jinsan.StarPedia;
				PRODUCT_NAME = "$(TARGET_NAME)";
				SWIFT_EMIT_LOC_STRINGS = YES;
				SWIFT_VERSION = 5.0;
				TARGETED_DEVICE_FAMILY = "1,2";
			};
			name = Release;
		};
		2FE6B0C128243259003ACB6C /* Debug */ = {
			isa = XCBuildConfiguration;
			buildSettings = {
				ALWAYS_EMBED_SWIFT_STANDARD_LIBRARIES = YES;
				BUNDLE_LOADER = "$(TEST_HOST)";
				CODE_SIGN_STYLE = Automatic;
				CURRENT_PROJECT_VERSION = 1;
				DEVELOPMENT_TEAM = 7U333QCZ4W;
				GENERATE_INFOPLIST_FILE = YES;
				IPHONEOS_DEPLOYMENT_TARGET = 15.4;
				MARKETING_VERSION = 1.0;
				PRODUCT_BUNDLE_IDENTIFIER = kr.jinsan.StarPediaTests;
				PRODUCT_NAME = "$(TARGET_NAME)";
				SWIFT_EMIT_LOC_STRINGS = NO;
				SWIFT_VERSION = 5.0;
				TARGETED_DEVICE_FAMILY = "1,2";
				TEST_HOST = "$(BUILT_PRODUCTS_DIR)/StarPedia.app/StarPedia";
			};
			name = Debug;
		};
		2FE6B0C228243259003ACB6C /* Release */ = {
			isa = XCBuildConfiguration;
			buildSettings = {
				ALWAYS_EMBED_SWIFT_STANDARD_LIBRARIES = YES;
				BUNDLE_LOADER = "$(TEST_HOST)";
				CODE_SIGN_STYLE = Automatic;
				CURRENT_PROJECT_VERSION = 1;
				DEVELOPMENT_TEAM = 7U333QCZ4W;
				GENERATE_INFOPLIST_FILE = YES;
				IPHONEOS_DEPLOYMENT_TARGET = 15.4;
				MARKETING_VERSION = 1.0;
				PRODUCT_BUNDLE_IDENTIFIER = kr.jinsan.StarPediaTests;
				PRODUCT_NAME = "$(TARGET_NAME)";
				SWIFT_EMIT_LOC_STRINGS = NO;
				SWIFT_VERSION = 5.0;
				TARGETED_DEVICE_FAMILY = "1,2";
				TEST_HOST = "$(BUILT_PRODUCTS_DIR)/StarPedia.app/StarPedia";
			};
			name = Release;
		};
		2FE6B0C428243259003ACB6C /* Debug */ = {
			isa = XCBuildConfiguration;
			buildSettings = {
				ALWAYS_EMBED_SWIFT_STANDARD_LIBRARIES = YES;
				CODE_SIGN_STYLE = Automatic;
				CURRENT_PROJECT_VERSION = 1;
				DEVELOPMENT_TEAM = 7U333QCZ4W;
				GENERATE_INFOPLIST_FILE = YES;
				MARKETING_VERSION = 1.0;
				PRODUCT_BUNDLE_IDENTIFIER = kr.jinsan.StarPediaUITests;
				PRODUCT_NAME = "$(TARGET_NAME)";
				SWIFT_EMIT_LOC_STRINGS = NO;
				SWIFT_VERSION = 5.0;
				TARGETED_DEVICE_FAMILY = "1,2";
				TEST_TARGET_NAME = StarPedia;
			};
			name = Debug;
		};
		2FE6B0C528243259003ACB6C /* Release */ = {
			isa = XCBuildConfiguration;
			buildSettings = {
				ALWAYS_EMBED_SWIFT_STANDARD_LIBRARIES = YES;
				CODE_SIGN_STYLE = Automatic;
				CURRENT_PROJECT_VERSION = 1;
				DEVELOPMENT_TEAM = 7U333QCZ4W;
				GENERATE_INFOPLIST_FILE = YES;
				MARKETING_VERSION = 1.0;
				PRODUCT_BUNDLE_IDENTIFIER = kr.jinsan.StarPediaUITests;
				PRODUCT_NAME = "$(TARGET_NAME)";
				SWIFT_EMIT_LOC_STRINGS = NO;
				SWIFT_VERSION = 5.0;
				TARGETED_DEVICE_FAMILY = "1,2";
				TEST_TARGET_NAME = StarPedia;
			};
			name = Release;
		};
/* End XCBuildConfiguration section */

/* Begin XCConfigurationList section */
		2FE6B09428243258003ACB6C /* Build configuration list for PBXProject "StarPedia" */ = {
			isa = XCConfigurationList;
			buildConfigurations = (
				2FE6B0BB28243259003ACB6C /* Debug */,
				2FE6B0BC28243259003ACB6C /* Release */,
			);
			defaultConfigurationIsVisible = 0;
			defaultConfigurationName = Release;
		};
		2FE6B0BD28243259003ACB6C /* Build configuration list for PBXNativeTarget "StarPedia" */ = {
			isa = XCConfigurationList;
			buildConfigurations = (
				2FE6B0BE28243259003ACB6C /* Debug */,
				2FE6B0BF28243259003ACB6C /* Release */,
			);
			defaultConfigurationIsVisible = 0;
			defaultConfigurationName = Release;
		};
		2FE6B0C028243259003ACB6C /* Build configuration list for PBXNativeTarget "StarPediaTests" */ = {
			isa = XCConfigurationList;
			buildConfigurations = (
				2FE6B0C128243259003ACB6C /* Debug */,
				2FE6B0C228243259003ACB6C /* Release */,
			);
			defaultConfigurationIsVisible = 0;
			defaultConfigurationName = Release;
		};
		2FE6B0C328243259003ACB6C /* Build configuration list for PBXNativeTarget "StarPediaUITests" */ = {
			isa = XCConfigurationList;
			buildConfigurations = (
				2FE6B0C428243259003ACB6C /* Debug */,
				2FE6B0C528243259003ACB6C /* Release */,
			);
			defaultConfigurationIsVisible = 0;
			defaultConfigurationName = Release;
		};
/* End XCConfigurationList section */
	};
	rootObject = 2FE6B09128243258003ACB6C /* Project object */;
}
